
Microsoft Visual Studio Solution File, Format Version 12.00
# Visual Studio 15
VisualStudioVersion = 15.0.27703.2026
MinimumVisualStudioVersion = 10.0.40219.1
Project("{FAE04EC0-301F-11D3-BF4B-00C04F79EFBC}") = "TestProject", "TestProject\TestProject.csproj", "{DE61BF00-9C2E-48B4-B656-54044F2A4FC7}"
EndProject
Global
	GlobalSection(SolutionConfigurationPlatforms) = preSolution
		Debug|Any CPU = Debug|Any CPU
		Release|Any CPU = Release|Any CPU
	EndGlobalSection
	GlobalSection(ProjectConfigurationPlatforms) = postSolution
		{DE61BF00-9C2E-48B4-B656-54044F2A4FC7}.Debug|Any CPU.ActiveCfg = Debug|Any CPU
		{DE61BF00-9C2E-48B4-B656-54044F2A4FC7}.Debug|Any CPU.Build.0 = Debug|Any CPU
		{DE61BF00-9C2E-48B4-B656-54044F2A4FC7}.Release|Any CPU.ActiveCfg = Release|Any CPU
		{DE61BF00-9C2E-48B4-B656-54044F2A4FC7}.Release|Any CPU.Build.0 = Release|Any CPU
	EndGlobalSection
	GlobalSection(SolutionProperties) = preSolution
		HideSolutionNode = FALSE
	EndGlobalSection
	GlobalSection(ExtensibilityGlobals) = postSolution
		SolutionGuid = {893A4B66-AC4D-4006-AAB8-483ED1A46A5B}
	EndGlobalSection
EndGlobal
